
Microsoft Visual Studio Solution File, Format Version 12.00
Project("{FAE04EC0-301F-11D3-BF4B-00C04F79EFBC}") = "RebornRepoUpdater", "RebornRepoUpdater\RebornRepoUpdater.csproj", "{3F266E88-C405-421C-AFFD-9821D897855F}"
EndProject
Project("{2150E333-8FDC-42A3-9474-1A3956D46DE8}") = "Repo Items", "Repo Items", "{5AD36959-64AC-4252-B0EE-23709A119296}"
	ProjectSection(SolutionItems) = preProject
		pluginmaster.json = pluginmaster.json
		.github\workflows\update-repo.yml = .github\workflows\update-repo.yml
	EndProjectSection
EndProject
Global
	GlobalSection(SolutionConfigurationPlatforms) = preSolution
		Debug|Any CPU = Debug|Any CPU
		Release|Any CPU = Release|Any CPU
	EndGlobalSection
	GlobalSection(ProjectConfigurationPlatforms) = postSolution
		{3F266E88-C405-421C-AFFD-9821D897855F}.Debug|Any CPU.ActiveCfg = Debug|Any CPU
		{3F266E88-C405-421C-AFFD-9821D897855F}.Debug|Any CPU.Build.0 = Debug|Any CPU
		{3F266E88-C405-421C-AFFD-9821D897855F}.Release|Any CPU.ActiveCfg = Release|Any CPU
		{3F266E88-C405-421C-AFFD-9821D897855F}.Release|Any CPU.Build.0 = Release|Any CPU
	EndGlobalSection
EndGlobal
